
Microsoft Visual Studio Solution File, Format Version 12.00
# Visual Studio Version 17
VisualStudioVersion = 17.5.33516.290
MinimumVisualStudioVersion = 10.0.40219.1
Project("{FAE04EC0-301F-11D3-BF4B-00C04F79EFBC}") = "EdoAkse.Cheat.NewGamePoints", "EdoAkse.Cheat.NewGamePoints\EdoAkse.Cheat.NewGamePoints.csproj", "{26B60BF7-C175-499B-A323-373266FE515A}"
EndProject
Global
	GlobalSection(SolutionConfigurationPlatforms) = preSolution
		Debug|Any CPU = Debug|Any CPU
		Release|Any CPU = Release|Any CPU
	EndGlobalSection
	GlobalSection(ProjectConfigurationPlatforms) = postSolution
		{26B60BF7-C175-499B-A323-373266FE515A}.Debug|Any CPU.ActiveCfg = Debug|Any CPU
		{26B60BF7-C175-499B-A323-373266FE515A}.Debug|Any CPU.Build.0 = Debug|Any CPU
		{26B60BF7-C175-499B-A323-373266FE515A}.Release|Any CPU.ActiveCfg = Release|Any CPU
		{26B60BF7-C175-499B-A323-373266FE515A}.Release|Any CPU.Build.0 = Release|Any CPU
	EndGlobalSection
	GlobalSection(SolutionProperties) = preSolution
		HideSolutionNode = FALSE
	EndGlobalSection
	GlobalSection(ExtensibilityGlobals) = postSolution
		SolutionGuid = {3A8E9B1C-4327-4BDF-A454-C39E6D14EA7B}
	EndGlobalSection
EndGlobal
